PODS:
  - Flutter (1.0.0)
  - otpless_flutter_lp (0.0.1):
    - Flutter
    - OtplessSwiftLP (= 1.0.2)
  - OtplessSwiftLP (1.0.2):
    - Socket.IO-Client-Swift (~> 16.1.1)
  - Socket.IO-Client-Swift (16.1.1):
    - Starscream (~> 4.0.8)
  - Starscream (4.0.8)

DEPENDENCIES:
  - Flutter (from `Flutter`)
  - otpless_flutter_lp (from `.symlinks/plugins/otpless_flutter_lp/ios`)

SPEC REPOS:
  trunk:
    - OtplessSwiftLP
    - Socket.IO-Client-Swift
    - Starscream

EXTERNAL SOURCES:
  Flutter:
    :path: Flutter
  otpless_flutter_lp:
    :path: ".symlinks/plugins/otpless_flutter_lp/ios"

SPEC CHECKSUMS:
  Flutter: e0871f40cf51350855a761d2e70bf5af5b9b5de7
  otpless_flutter_lp: ffd01d0e340daa0a023b5f9e3e6544fc4bd47164
  OtplessSwiftLP: 51bcac346e55157bcb5f3f67618fecddd1bccd08
  Socket.IO-Client-Swift: 3614bea82ba005df1c2ff01154f4004993e05ad7
  Starscream: 19b5533ddb925208db698f0ac508a100b884a1b9

PODFILE CHECKSUM: c4c93c5f6502fe2754f48404d3594bf779584011

COCOAPODS: 1.16.2
